// !$*UTF8*$!
{
	archiveVersion = 1;
	classes = {
	};
	objectVersion = 56;
	objects = {

/* Begin PBXBuildFile section */
		489C466C2AAAE8ED00FF2E29 /* RealmModel.swift in Sources */ = {isa = PBXBuildFile; fileRef = 489C466B2AAAE8ED00FF2E29 /* RealmModel.swift */; };
		489C466E2AAAEB7400FF2E29 /* LikesTableRepository.swift in Sources */ = {isa = PBXBuildFile; fileRef = 489C466D2AAAEB7400FF2E29 /* LikesTableRepository.swift */; };
		489C46712AAB276800FF2E29 /* WebViewController.swift in Sources */ = {isa = PBXBuildFile; fileRef = 489C46702AAB276800FF2E29 /* WebViewController.swift */; };
		489C46792AAB45A200FF2E29 /* ColorEnum.swift in Sources */ = {isa = PBXBuildFile; fileRef = 489C46782AAB45A200FF2E29 /* ColorEnum.swift */; };
		489C467F2AAC11B100FF2E29 /* UILabel.swift in Sources */ = {isa = PBXBuildFile; fileRef = 489C467E2AAC11B100FF2E29 /* UILabel.swift */; };
		489CAAE82AA9A6F3001A4408 /* AppDelegate.swift in Sources */ = {isa = PBXBuildFile; fileRef = 489CAAE72AA9A6F3001A4408 /* AppDelegate.swift */; };
		489CAAEA2AA9A6F3001A4408 /* SceneDelegate.swift in Sources */ = {isa = PBXBuildFile; fileRef = 489CAAE92AA9A6F3001A4408 /* SceneDelegate.swift */; };
		489CAAEC2AA9A6F3001A4408 /* ViewController.swift in Sources */ = {isa = PBXBuildFile; fileRef = 489CAAEB2AA9A6F3001A4408 /* ViewController.swift */; };
		489CAAEF2AA9A6F3001A4408 /* Main.storyboard in Resources */ = {isa = PBXBuildFile; fileRef = 489CAAED2AA9A6F3001A4408 /* Main.storyboard */; };
		489CAAF12AA9A6F6001A4408 /* Assets.xcassets in Resources */ = {isa = PBXBuildFile; fileRef = 489CAAF02AA9A6F6001A4408 /* Assets.xcassets */; };
		489CAAF42AA9A6F6001A4408 /* LaunchScreen.storyboard in Resources */ = {isa = PBXBuildFile; fileRef = 489CAAF22AA9A6F6001A4408 /* LaunchScreen.storyboard */; };
		489CAAFD2AA9A7DE001A4408 /* TabBarViewController.swift in Sources */ = {isa = PBXBuildFile; fileRef = 489CAAFC2AA9A7DE001A4408 /* TabBarViewController.swift */; };
		489CAB032AA9A92D001A4408 /* SearchViewController.swift in Sources */ = {isa = PBXBuildFile; fileRef = 489CAB022AA9A92D001A4408 /* SearchViewController.swift */; };
		489CAB052AA9A937001A4408 /* LikeViewController.swift in Sources */ = {isa = PBXBuildFile; fileRef = 489CAB042AA9A937001A4408 /* LikeViewController.swift */; };
		489CAB072AA9A93F001A4408 /* DetailViewController.swift in Sources */ = {isa = PBXBuildFile; fileRef = 489CAB062AA9A93E001A4408 /* DetailViewController.swift */; };
		489CAB0A2AA9A94C001A4408 /* BaseViewController.swift in Sources */ = {isa = PBXBuildFile; fileRef = 489CAB092AA9A94C001A4408 /* BaseViewController.swift */; };
		489CAB0D2AA9A990001A4408 /* Zip in Frameworks */ = {isa = PBXBuildFile; productRef = 489CAB0C2AA9A990001A4408 /* Zip */; };
		489CAB102AA9A999001A4408 /* Kingfisher in Frameworks */ = {isa = PBXBuildFile; productRef = 489CAB0F2AA9A999001A4408 /* Kingfisher */; };
		489CAB132AA9A9B2001A4408 /* Realm in Frameworks */ = {isa = PBXBuildFile; productRef = 489CAB122AA9A9B2001A4408 /* Realm */; };
		489CAB152AA9A9B2001A4408 /* RealmSwift in Frameworks */ = {isa = PBXBuildFile; productRef = 489CAB142AA9A9B2001A4408 /* RealmSwift */; };
		489CAB182AA9A9C1001A4408 /* SnapKit in Frameworks */ = {isa = PBXBuildFile; productRef = 489CAB172AA9A9C1001A4408 /* SnapKit */; };
		489CAB1B2AA9AFAF001A4408 /* BaseCollectionViewCell.swift in Sources */ = {isa = PBXBuildFile; fileRef = 489CAB1A2AA9AFAF001A4408 /* BaseCollectionViewCell.swift */; };
		489CAB1E2AA9B003001A4408 /* ShoppingCollectionViewCell.swift in Sources */ = {isa = PBXBuildFile; fileRef = 489CAB1D2AA9B003001A4408 /* ShoppingCollectionViewCell.swift */; };
		489CAB202AA9B680001A4408 /* ReusableProtocol.swift in Sources */ = {isa = PBXBuildFile; fileRef = 489CAB1F2AA9B680001A4408 /* ReusableProtocol.swift */; };
		489CAB242AA9C1DE001A4408 /* .gitignore in Resources */ = {isa = PBXBuildFile; fileRef = 489CAB232AA9C1DE001A4408 /* .gitignore */; };
		489CAB292AA9C322001A4408 /* About.swift in Sources */ = {isa = PBXBuildFile; fileRef = 489CAB282AA9C322001A4408 /* About.swift */; };
		489CAB2B2AA9C394001A4408 /* APIKey.swift in Sources */ = {isa = PBXBuildFile; fileRef = 489CAB2A2AA9C394001A4408 /* APIKey.swift */; };
		489CAB2D2AA9C3D0001A4408 /* ShoppingAPIManager.swift in Sources */ = {isa = PBXBuildFile; fileRef = 489CAB2C2AA9C3D0001A4408 /* ShoppingAPIManager.swift */; };
		489CAB302AA9C45B001A4408 /* Alamofire in Frameworks */ = {isa = PBXBuildFile; productRef = 489CAB2F2AA9C45B001A4408 /* Alamofire */; };
		489CAB332AA9DC51001A4408 /* SortEnum.swift in Sources */ = {isa = PBXBuildFile; fileRef = 489CAB322AA9DC51001A4408 /* SortEnum.swift */; };
/* End PBXBuildFile section */

/* Begin PBXFileReference section */
		489C466B2AAAE8ED00FF2E29 /* RealmModel.swift */ = {isa = PBXFileReference; lastKnownFileType = sourcecode.swift; path = RealmModel.swift; sourceTree = "<group>"; };
		489C466D2AAAEB7400FF2E29 /* LikesTableRepository.swift */ = {isa = PBXFileReference; lastKnownFileType = sourcecode.swift; path = LikesTableRepository.swift; sourceTree = "<group>"; };
		489C46702AAB276800FF2E29 /* WebViewController.swift */ = {isa = PBXFileReference; lastKnownFileType = sourcecode.swift; path = WebViewController.swift; sourceTree = "<group>"; };
		489C46782AAB45A200FF2E29 /* ColorEnum.swift */ = {isa = PBXFileReference; lastKnownFileType = sourcecode.swift; path = ColorEnum.swift; sourceTree = "<group>"; };
		489C467E2AAC11B100FF2E29 /* UILabel.swift */ = {isa = PBXFileReference; lastKnownFileType = sourcecode.swift; path = UILabel.swift; sourceTree = "<group>"; };
		489CAAE42AA9A6F3001A4408 /* ShoppingList Project.app */ = {isa = PBXFileReference; explicitFileType = wrapper.application; includeInIndex = 0; path = "ShoppingList Project.app"; sourceTree = BUILT_PRODUCTS_DIR; };
		489CAAE72AA9A6F3001A4408 /* AppDelegate.swift */ = {isa = PBXFileReference; lastKnownFileType = sourcecode.swift; path = AppDelegate.swift; sourceTree = "<group>"; };
		489CAAE92AA9A6F3001A4408 /* SceneDelegate.swift */ = {isa = PBXFileReference; lastKnownFileType = sourcecode.swift; path = SceneDelegate.swift; sourceTree = "<group>"; };
		489CAAEB2AA9A6F3001A4408 /* ViewController.swift */ = {isa = PBXFileReference; lastKnownFileType = sourcecode.swift; path = ViewController.swift; sourceTree = "<group>"; };
		489CAAEE2AA9A6F3001A4408 /* Base */ = {isa = PBXFileReference; lastKnownFileType = file.storyboard; name = Base; path = Base.lproj/Main.storyboard; sourceTree = "<group>"; };
		489CAAF02AA9A6F6001A4408 /* Assets.xcassets */ = {isa = PBXFileReference; lastKnownFileType = folder.assetcatalog; path = Assets.xcassets; sourceTree = "<group>"; };
		489CAAF32AA9A6F6001A4408 /* Base */ = {isa = PBXFileReference; lastKnownFileType = file.storyboard; name = Base; path = Base.lproj/LaunchScreen.storyboard; sourceTree = "<group>"; };
		489CAAF52AA9A6F6001A4408 /* Info.plist */ = {isa = PBXFileReference; lastKnownFileType = text.plist.xml; path = Info.plist; sourceTree = "<group>"; };
		489CAAFC2AA9A7DE001A4408 /* TabBarViewController.swift */ = {isa = PBXFileReference; lastKnownFileType = sourcecode.swift; path = TabBarViewController.swift; sourceTree = "<group>"; };
		489CAB022AA9A92D001A4408 /* SearchViewController.swift */ = {isa = PBXFileReference; lastKnownFileType = sourcecode.swift; path = SearchViewController.swift; sourceTree = "<group>"; };
		489CAB042AA9A937001A4408 /* LikeViewController.swift */ = {isa = PBXFileReference; lastKnownFileType = sourcecode.swift; path = LikeViewController.swift; sourceTree = "<group>"; };
		489CAB062AA9A93E001A4408 /* DetailViewController.swift */ = {isa = PBXFileReference; lastKnownFileType = sourcecode.swift; path = DetailViewController.swift; sourceTree = "<group>"; };
		489CAB092AA9A94C001A4408 /* BaseViewController.swift */ = {isa = PBXFileReference; lastKnownFileType = sourcecode.swift; path = BaseViewController.swift; sourceTree = "<group>"; };
		489CAB1A2AA9AFAF001A4408 /* BaseCollectionViewCell.swift */ = {isa = PBXFileReference; lastKnownFileType = sourcecode.swift; path = BaseCollectionViewCell.swift; sourceTree = "<group>"; };
		489CAB1D2AA9B003001A4408 /* ShoppingCollectionViewCell.swift */ = {isa = PBXFileReference; lastKnownFileType = sourcecode.swift; path = ShoppingCollectionViewCell.swift; sourceTree = "<group>"; };
		489CAB1F2AA9B680001A4408 /* ReusableProtocol.swift */ = {isa = PBXFileReference; lastKnownFileType = sourcecode.swift; path = ReusableProtocol.swift; sourceTree = "<group>"; };
		489CAB232AA9C1DE001A4408 /* .gitignore */ = {isa = PBXFileReference; lastKnownFileType = text; path = .gitignore; sourceTree = "<group>"; };
		489CAB282AA9C322001A4408 /* About.swift */ = {isa = PBXFileReference; lastKnownFileType = sourcecode.swift; path = About.swift; sourceTree = "<group>"; };
		489CAB2A2AA9C394001A4408 /* APIKey.swift */ = {isa = PBXFileReference; lastKnownFileType = sourcecode.swift; path = APIKey.swift; sourceTree = "<group>"; };
		489CAB2C2AA9C3D0001A4408 /* ShoppingAPIManager.swift */ = {isa = PBXFileReference; lastKnownFileType = sourcecode.swift; path = ShoppingAPIManager.swift; sourceTree = "<group>"; };
		489CAB322AA9DC51001A4408 /* SortEnum.swift */ = {isa = PBXFileReference; lastKnownFileType = sourcecode.swift; path = SortEnum.swift; sourceTree = "<group>"; };
/* End PBXFileReference section */

/* Begin PBXFrameworksBuildPhase section */
		489CAAE12AA9A6F3001A4408 /* Frameworks */ = {
			isa = PBXFrameworksBuildPhase;
			buildActionMask = 2147483647;
			files = (
				489CAB152AA9A9B2001A4408 /* RealmSwift in Frameworks */,
				489CAB132AA9A9B2001A4408 /* Realm in Frameworks */,
				489CAB102AA9A999001A4408 /* Kingfisher in Frameworks */,
				489CAB302AA9C45B001A4408 /* Alamofire in Frameworks */,
				489CAB0D2AA9A990001A4408 /* Zip in Frameworks */,
				489CAB182AA9A9C1001A4408 /* SnapKit in Frameworks */,
			);
			runOnlyForDeploymentPostprocessing = 0;
		};
/* End PBXFrameworksBuildPhase section */

/* Begin PBXGroup section */
		489C466A2AAAE8E100FF2E29 /* Realm */ = {
			isa = PBXGroup;
			children = (
				489C466B2AAAE8ED00FF2E29 /* RealmModel.swift */,
				489C466D2AAAEB7400FF2E29 /* LikesTableRepository.swift */,
			);
			path = Realm;
			sourceTree = "<group>";
		};
		489C466F2AAB274D00FF2E29 /* Web */ = {
			isa = PBXGroup;
			children = (
				489C46702AAB276800FF2E29 /* WebViewController.swift */,
			);
			path = Web;
			sourceTree = "<group>";
		};
		489C46752AAB456800FF2E29 /* Utility */ = {
			isa = PBXGroup;
			children = (
			);
			path = Utility;
			sourceTree = "<group>";
		};
		489C467D2AAC11A800FF2E29 /* Extension */ = {
			isa = PBXGroup;
			children = (
				489C467E2AAC11B100FF2E29 /* UILabel.swift */,
			);
			path = Extension;
			sourceTree = "<group>";
		};
		489CAADB2AA9A6F3001A4408 = {
			isa = PBXGroup;
			children = (
				489CAAE62AA9A6F3001A4408 /* ShoppingList Project */,
				489CAAE52AA9A6F3001A4408 /* Products */,
			);
			sourceTree = "<group>";
		};
		489CAAE52AA9A6F3001A4408 /* Products */ = {
			isa = PBXGroup;
			children = (
				489CAAE42AA9A6F3001A4408 /* ShoppingList Project.app */,
			);
			name = Products;
			sourceTree = "<group>";
		};
		489CAAE62AA9A6F3001A4408 /* ShoppingList Project */ = {
			isa = PBXGroup;
			children = (
				489C467D2AAC11A800FF2E29 /* Extension */,
				489C46752AAB456800FF2E29 /* Utility */,
				489C466A2AAAE8E100FF2E29 /* Realm */,
				489CAB312AA9DC43001A4408 /* Enum */,
				489CAB252AA9C1E6001A4408 /* Network */,
				489CAB192AA9AF9B001A4408 /* Cell */,
				489CAB082AA9A945001A4408 /* Base */,
				489CAAFE2AA9A902001A4408 /* Scene */,
				489CAAFB2AA9A796001A4408 /* TabBar */,
				489CAAE72AA9A6F3001A4408 /* AppDelegate.swift */,
				489CAAE92AA9A6F3001A4408 /* SceneDelegate.swift */,
				489CAAEB2AA9A6F3001A4408 /* ViewController.swift */,
				489CAAED2AA9A6F3001A4408 /* Main.storyboard */,
				489CAAF02AA9A6F6001A4408 /* Assets.xcassets */,
				489CAAF22AA9A6F6001A4408 /* LaunchScreen.storyboard */,
				489CAAF52AA9A6F6001A4408 /* Info.plist */,
				489CAB232AA9C1DE001A4408 /* .gitignore */,
			);
			path = "ShoppingList Project";
			sourceTree = "<group>";
		};
		489CAAFB2AA9A796001A4408 /* TabBar */ = {
			isa = PBXGroup;
			children = (
				489CAAFC2AA9A7DE001A4408 /* TabBarViewController.swift */,
			);
			path = TabBar;
			sourceTree = "<group>";
		};
		489CAAFE2AA9A902001A4408 /* Scene */ = {
			isa = PBXGroup;
			children = (
				489C466F2AAB274D00FF2E29 /* Web */,
				489CAAFF2AA9A911001A4408 /* Search */,
				489CAB002AA9A915001A4408 /* Like */,
				489CAB012AA9A919001A4408 /* Detail */,
			);
			path = Scene;
			sourceTree = "<group>";
		};
		489CAAFF2AA9A911001A4408 /* Search */ = {
			isa = PBXGroup;
			children = (
				489CAB022AA9A92D001A4408 /* SearchViewController.swift */,
			);
			path = Search;
			sourceTree = "<group>";
		};
		489CAB002AA9A915001A4408 /* Like */ = {
			isa = PBXGroup;
			children = (
				489CAB042AA9A937001A4408 /* LikeViewController.swift */,
			);
			path = Like;
			sourceTree = "<group>";
		};
		489CAB012AA9A919001A4408 /* Detail */ = {
			isa = PBXGroup;
			children = (
				489CAB062AA9A93E001A4408 /* DetailViewController.swift */,
			);
			path = Detail;
			sourceTree = "<group>";
		};
		489CAB082AA9A945001A4408 /* Base */ = {
			isa = PBXGroup;
			children = (
				489CAB092AA9A94C001A4408 /* BaseViewController.swift */,
				489CAB1A2AA9AFAF001A4408 /* BaseCollectionViewCell.swift */,
				489CAB1F2AA9B680001A4408 /* ReusableProtocol.swift */,
			);
			path = Base;
			sourceTree = "<group>";
		};
		489CAB192AA9AF9B001A4408 /* Cell */ = {
			isa = PBXGroup;
			children = (
				489CAB1D2AA9B003001A4408 /* ShoppingCollectionViewCell.swift */,
			);
			path = Cell;
			sourceTree = "<group>";
		};
		489CAB252AA9C1E6001A4408 /* Network */ = {
			isa = PBXGroup;
			children = (
				489CAB282AA9C322001A4408 /* About.swift */,
				489CAB2A2AA9C394001A4408 /* APIKey.swift */,
				489CAB2C2AA9C3D0001A4408 /* ShoppingAPIManager.swift */,
			);
			path = Network;
			sourceTree = "<group>";
		};
		489CAB312AA9DC43001A4408 /* Enum */ = {
			isa = PBXGroup;
			children = (
				489CAB322AA9DC51001A4408 /* SortEnum.swift */,
				489C46782AAB45A200FF2E29 /* ColorEnum.swift */,
			);
			path = Enum;
			sourceTree = "<group>";
		};
/* End PBXGroup section */

/* Begin PBXNativeTarget section */
		489CAAE32AA9A6F3001A4408 /* ShoppingList Project */ = {
			isa = PBXNativeTarget;
			buildConfigurationList = 489CAAF82AA9A6F6001A4408 /* Build configuration list for PBXNativeTarget "ShoppingList Project" */;
			buildPhases = (
				489CAAE02AA9A6F3001A4408 /* Sources */,
				489CAAE12AA9A6F3001A4408 /* Frameworks */,
				489CAAE22AA9A6F3001A4408 /* Resources */,
			);
			buildRules = (
			);
			dependencies = (
			);
			name = "ShoppingList Project";
			packageProductDependencies = (
				489CAB0C2AA9A990001A4408 /* Zip */,
				489CAB0F2AA9A999001A4408 /* Kingfisher */,
				489CAB122AA9A9B2001A4408 /* Realm */,
				489CAB142AA9A9B2001A4408 /* RealmSwift */,
				489CAB172AA9A9C1001A4408 /* SnapKit */,
				489CAB2F2AA9C45B001A4408 /* Alamofire */,
			);
			productName = "ShoppingList Project";
			productReference = 489CAAE42AA9A6F3001A4408 /* ShoppingList Project.app */;
			productType = "com.apple.product-type.application";
		};
/* End PBXNativeTarget section */

/* Begin PBXProject section */
		489CAADC2AA9A6F3001A4408 /* Project object */ = {
			isa = PBXProject;
			attributes = {
				BuildIndependentTargetsInParallel = 1;
				LastSwiftUpdateCheck = 1430;
				LastUpgradeCheck = 1430;
				TargetAttributes = {
					489CAAE32AA9A6F3001A4408 = {
						CreatedOnToolsVersion = 14.3.1;
					};
				};
			};
			buildConfigurationList = 489CAADF2AA9A6F3001A4408 /* Build configuration list for PBXProject "ShoppingList Project" */;
			compatibilityVersion = "Xcode 14.0";
			developmentRegion = en;
			hasScannedForEncodings = 0;
			knownRegions = (
				en,
				Base,
			);
			mainGroup = 489CAADB2AA9A6F3001A4408;
			packageReferences = (
				489CAB0B2AA9A990001A4408 /* XCRemoteSwiftPackageReference "Zip" */,
				489CAB0E2AA9A999001A4408 /* XCRemoteSwiftPackageReference "Kingfisher" */,
				489CAB112AA9A9B2001A4408 /* XCRemoteSwiftPackageReference "realm-swift" */,
				489CAB162AA9A9C1001A4408 /* XCRemoteSwiftPackageReference "SnapKit" */,
				489CAB2E2AA9C45B001A4408 /* XCRemoteSwiftPackageReference "Alamofire" */,
			);
			productRefGroup = 489CAAE52AA9A6F3001A4408 /* Products */;
			projectDirPath = "";
			projectRoot = "";
			targets = (
				489CAAE32AA9A6F3001A4408 /* ShoppingList Project */,
			);
		};
/* End PBXProject section */

/* Begin PBXResourcesBuildPhase section */
		489CAAE22AA9A6F3001A4408 /* Resources */ = {
			isa = PBXResourcesBuildPhase;
			buildActionMask = 2147483647;
			files = (
				489CAB242AA9C1DE001A4408 /* .gitignore in Resources */,
				489CAAF42AA9A6F6001A4408 /* LaunchScreen.storyboard in Resources */,
				489CAAF12AA9A6F6001A4408 /* Assets.xcassets in Resources */,
				489CAAEF2AA9A6F3001A4408 /* Main.storyboard in Resources */,
			);
			runOnlyForDeploymentPostprocessing = 0;
		};
/* End PBXResourcesBuildPhase section */

/* Begin PBXSourcesBuildPhase section */
		489CAAE02AA9A6F3001A4408 /* Sources */ = {
			isa = PBXSourcesBuildPhase;
			buildActionMask = 2147483647;
			files = (
				489CAB2D2AA9C3D0001A4408 /* ShoppingAPIManager.swift in Sources */,
				489C46712AAB276800FF2E29 /* WebViewController.swift in Sources */,
				489CAB332AA9DC51001A4408 /* SortEnum.swift in Sources */,
				489C466E2AAAEB7400FF2E29 /* LikesTableRepository.swift in Sources */,
				489CAB032AA9A92D001A4408 /* SearchViewController.swift in Sources */,
				489CAAEC2AA9A6F3001A4408 /* ViewController.swift in Sources */,
				489CAB1B2AA9AFAF001A4408 /* BaseCollectionViewCell.swift in Sources */,
				489CAAE82AA9A6F3001A4408 /* AppDelegate.swift in Sources */,
				489CAB292AA9C322001A4408 /* About.swift in Sources */,
				489CAAFD2AA9A7DE001A4408 /* TabBarViewController.swift in Sources */,
				489C467F2AAC11B100FF2E29 /* UILabel.swift in Sources */,
				489CAAEA2AA9A6F3001A4408 /* SceneDelegate.swift in Sources */,
				489C46792AAB45A200FF2E29 /* ColorEnum.swift in Sources */,
				489CAB202AA9B680001A4408 /* ReusableProtocol.swift in Sources */,
				489CAB0A2AA9A94C001A4408 /* BaseViewController.swift in Sources */,
				489CAB052AA9A937001A4408 /* LikeViewController.swift in Sources */,
				489CAB1E2AA9B003001A4408 /* ShoppingCollectionViewCell.swift in Sources */,
				489C466C2AAAE8ED00FF2E29 /* RealmModel.swift in Sources */,
				489CAB2B2AA9C394001A4408 /* APIKey.swift in Sources */,
				489CAB072AA9A93F001A4408 /* DetailViewController.swift in Sources */,
			);
			runOnlyForDeploymentPostprocessing = 0;
		};
/* End PBXSourcesBuildPhase section */

/* Begin PBXVariantGroup section */
		489CAAED2AA9A6F3001A4408 /* Main.storyboard */ = {
			isa = PBXVariantGroup;
			children = (
				489CAAEE2AA9A6F3001A4408 /* Base */,
			);
			name = Main.storyboard;
			sourceTree = "<group>";
		};
		489CAAF22AA9A6F6001A4408 /* LaunchScreen.storyboard */ = {
			isa = PBXVariantGroup;
			children = (
				489CAAF32AA9A6F6001A4408 /* Base */,
			);
			name = LaunchScreen.storyboard;
			sourceTree = "<group>";
		};
/* End PBXVariantGroup section */

/* Begin XCBuildConfiguration section */
		489CAAF62AA9A6F6001A4408 /* Debug */ = {
			isa = XCBuildConfiguration;
			buildSettings = {
				ALWAYS_SEARCH_USER_PATHS = NO;
				CLANG_ANALYZER_NONNULL = YES;
				CLANG_ANALYZER_NUMBER_OBJECT_CONVERSION = YES_AGGRESSIVE;
				CLANG_CXX_LANGUAGE_STANDARD = "gnu++20";
				CLANG_ENABLE_MODULES = YES;
				CLANG_ENABLE_OBJC_ARC = YES;
				CLANG_ENABLE_OBJC_WEAK = YES;
				CLANG_WARN_BLOCK_CAPTURE_AUTORELEASING = YES;
				CLANG_WARN_BOOL_CONVERSION = YES;
				CLANG_WARN_COMMA = YES;
				CLANG_WARN_CONSTANT_CONVERSION = YES;
				CLANG_WARN_DEPRECATED_OBJC_IMPLEMENTATIONS = YES;
				CLANG_WARN_DIRECT_OBJC_ISA_USAGE = YES_ERROR;
				CLANG_WARN_DOCUMENTATION_COMMENTS = YES;
				CLANG_WARN_EMPTY_BODY = YES;
				CLANG_WARN_ENUM_CONVERSION = YES;
				CLANG_WARN_INFINITE_RECURSION = YES;
				CLANG_WARN_INT_CONVERSION = YES;
				CLANG_WARN_NON_LITERAL_NULL_CONVERSION = YES;
				CLANG_WARN_OBJC_IMPLICIT_RETAIN_SELF = YES;
				CLANG_WARN_OBJC_LITERAL_CONVERSION = YES;
				CLANG_WARN_OBJC_ROOT_CLASS = YES_ERROR;
				CLANG_WARN_QUOTED_INCLUDE_IN_FRAMEWORK_HEADER = YES;
				CLANG_WARN_RANGE_LOOP_ANALYSIS = YES;
				CLANG_WARN_STRICT_PROTOTYPES = YES;
				CLANG_WARN_SUSPICIOUS_MOVE = YES;
				CLANG_WARN_UNGUARDED_AVAILABILITY = YES_AGGRESSIVE;
				CLANG_WARN_UNREACHABLE_CODE = YES;
				CLANG_WARN__DUPLICATE_METHOD_MATCH = YES;
				COPY_PHASE_STRIP = NO;
				DEBUG_INFORMATION_FORMAT = dwarf;
				ENABLE_STRICT_OBJC_MSGSEND = YES;
				ENABLE_TESTABILITY = YES;
				GCC_C_LANGUAGE_STANDARD = gnu11;
				GCC_DYNAMIC_NO_PIC = NO;
				GCC_NO_COMMON_BLOCKS = YES;
				GCC_OPTIMIZATION_LEVEL = 0;
				GCC_PREPROCESSOR_DEFINITIONS = (
					"DEBUG=1",
					"$(inherited)",
				);
				GCC_WARN_64_TO_32_BIT_CONVERSION = YES;
				GCC_WARN_ABOUT_RETURN_TYPE = YES_ERROR;
				GCC_WARN_UNDECLARED_SELECTOR = YES;
				GCC_WARN_UNINITIALIZED_AUTOS = YES_AGGRESSIVE;
				GCC_WARN_UNUSED_FUNCTION = YES;
				GCC_WARN_UNUSED_VARIABLE = YES;
				IPHONEOS_DEPLOYMENT_TARGET = 16.4;
				MTL_ENABLE_DEBUG_INFO = INCLUDE_SOURCE;
				MTL_FAST_MATH = YES;
				ONLY_ACTIVE_ARCH = YES;
				SDKROOT = iphoneos;
				SWIFT_ACTIVE_COMPILATION_CONDITIONS = DEBUG;
				SWIFT_OPTIMIZATION_LEVEL = "-Onone";
			};
			name = Debug;
		};
		489CAAF72AA9A6F6001A4408 /* Release */ = {
			isa = XCBuildConfiguration;
			buildSettings = {
				ALWAYS_SEARCH_USER_PATHS = NO;
				CLANG_ANALYZER_NONNULL = YES;
				CLANG_ANALYZER_NUMBER_OBJECT_CONVERSION = YES_AGGRESSIVE;
				CLANG_CXX_LANGUAGE_STANDARD = "gnu++20";
				CLANG_ENABLE_MODULES = YES;
				CLANG_ENABLE_OBJC_ARC = YES;
				CLANG_ENABLE_OBJC_WEAK = YES;
				CLANG_WARN_BLOCK_CAPTURE_AUTORELEASING = YES;
				CLANG_WARN_BOOL_CONVERSION = YES;
				CLANG_WARN_COMMA = YES;
				CLANG_WARN_CONSTANT_CONVERSION = YES;
				CLANG_WARN_DEPRECATED_OBJC_IMPLEMENTATIONS = YES;
				CLANG_WARN_DIRECT_OBJC_ISA_USAGE = YES_ERROR;
				CLANG_WARN_DOCUMENTATION_COMMENTS = YES;
				CLANG_WARN_EMPTY_BODY = YES;
				CLANG_WARN_ENUM_CONVERSION = YES;
				CLANG_WARN_INFINITE_RECURSION = YES;
				CLANG_WARN_INT_CONVERSION = YES;
				CLANG_WARN_NON_LITERAL_NULL_CONVERSION = YES;
				CLANG_WARN_OBJC_IMPLICIT_RETAIN_SELF = YES;
				CLANG_WARN_OBJC_LITERAL_CONVERSION = YES;
				CLANG_WARN_OBJC_ROOT_CLASS = YES_ERROR;
				CLANG_WARN_QUOTED_INCLUDE_IN_FRAMEWORK_HEADER = YES;
				CLANG_WARN_RANGE_LOOP_ANALYSIS = YES;
				CLANG_WARN_STRICT_PROTOTYPES = YES;
				CLANG_WARN_SUSPICIOUS_MOVE = YES;
				CLANG_WARN_UNGUARDED_AVAILABILITY = YES_AGGRESSIVE;
				CLANG_WARN_UNREACHABLE_CODE = YES;
				CLANG_WARN__DUPLICATE_METHOD_MATCH = YES;
				COPY_PHASE_STRIP = NO;
				DEBUG_INFORMATION_FORMAT = "dwarf-with-dsym";
				ENABLE_NS_ASSERTIONS = NO;
				ENABLE_STRICT_OBJC_MSGSEND = YES;
				GCC_C_LANGUAGE_STANDARD = gnu11;
				GCC_NO_COMMON_BLOCKS = YES;
				GCC_WARN_64_TO_32_BIT_CONVERSION = YES;
				GCC_WARN_ABOUT_RETURN_TYPE = YES_ERROR;
				GCC_WARN_UNDECLARED_SELECTOR = YES;
				GCC_WARN_UNINITIALIZED_AUTOS = YES_AGGRESSIVE;
				GCC_WARN_UNUSED_FUNCTION = YES;
				GCC_WARN_UNUSED_VARIABLE = YES;
				IPHONEOS_DEPLOYMENT_TARGET = 16.4;
				MTL_ENABLE_DEBUG_INFO = NO;
				MTL_FAST_MATH = YES;
				SDKROOT = iphoneos;
				SWIFT_COMPILATION_MODE = wholemodule;
				SWIFT_OPTIMIZATION_LEVEL = "-O";
				VALIDATE_PRODUCT = YES;
			};
			name = Release;
		};
		489CAAF92AA9A6F6001A4408 /* Debug */ = {
			isa = XCBuildConfiguration;
			buildSettings = {
				ASSETCATALOG_COMPILER_APPICON_NAME = AppIcon;
				ASSETCATALOG_COMPILER_GLOBAL_ACCENT_COLOR_NAME = AccentColor;
				CODE_SIGN_STYLE = Automatic;
				CURRENT_PROJECT_VERSION = 1;
				DEVELOPMENT_TEAM = 2S9WHYP486;
				GENERATE_INFOPLIST_FILE = YES;
				INFOPLIST_FILE = "ShoppingList Project/Info.plist";
				INFOPLIST_KEY_UIApplicationSupportsIndirectInputEvents = YES;
				INFOPLIST_KEY_UILaunchStoryboardName = LaunchScreen;
				INFOPLIST_KEY_UIMainStoryboardFile = Main;
				INFOPLIST_KEY_UISupportedInterfaceOrientations = UIInterfaceOrientationPortrait;
				INFOPLIST_KEY_UISupportedInterfaceOrientations_iPad = "UIInterfaceOrientationLandscapeLeft UIInterfaceOrientationLandscapeRight UIInterfaceOrientationPortrait UIInterfaceOrientationPortraitUpsideDown";
				IPHONEOS_DEPLOYMENT_TARGET = 13.0;
				LD_RUNPATH_SEARCH_PATHS = (
					"$(inherited)",
					"@executable_path/Frameworks",
				);
				MARKETING_VERSION = 1.0;
				PRODUCT_BUNDLE_IDENTIFIER = "com.noah.ShoppingList-Project";
				PRODUCT_NAME = "$(TARGET_NAME)";
				SUPPORTED_PLATFORMS = "iphoneos iphonesimulator";
				SUPPORTS_MACCATALYST = NO;
				SUPPORTS_MAC_DESIGNED_FOR_IPHONE_IPAD = NO;
				SWIFT_EMIT_LOC_STRINGS = YES;
				SWIFT_VERSION = 5.0;
				TARGETED_DEVICE_FAMILY = 1;
			};
			name = Debug;
		};
		489CAAFA2AA9A6F6001A4408 /* Release */ = {
			isa = XCBuildConfiguration;
			buildSettings = {
				ASSETCATALOG_COMPILER_APPICON_NAME = AppIcon;
				ASSETCATALOG_COMPILER_GLOBAL_ACCENT_COLOR_NAME = AccentColor;
				CODE_SIGN_STYLE = Automatic;
				CURRENT_PROJECT_VERSION = 1;
				DEVELOPMENT_TEAM = 2S9WHYP486;
				GENERATE_INFOPLIST_FILE = YES;
				INFOPLIST_FILE = "ShoppingList Project/Info.plist";
				INFOPLIST_KEY_UIApplicationSupportsIndirectInputEvents = YES;
				INFOPLIST_KEY_UILaunchStoryboardName = LaunchScreen;
				INFOPLIST_KEY_UIMainStoryboardFile = Main;
				INFOPLIST_KEY_UISupportedInterfaceOrientations = UIInterfaceOrientationPortrait;
				INFOPLIST_KEY_UISupportedInterfaceOrientations_iPad = "UIInterfaceOrientationLandscapeLeft UIInterfaceOrientationLandscapeRight UIInterfaceOrientationPortrait UIInterfaceOrientationPortraitUpsideDown";
				IPHONEOS_DEPLOYMENT_TARGET = 13.0;
				LD_RUNPATH_SEARCH_PATHS = (
					"$(inherited)",
					"@executable_path/Frameworks",
				);
				MARKETING_VERSION = 1.0;
				PRODUCT_BUNDLE_IDENTIFIER = "com.noah.ShoppingList-Project";
				PRODUCT_NAME = "$(TARGET_NAME)";
				SUPPORTED_PLATFORMS = "iphoneos iphonesimulator";
				SUPPORTS_MACCATALYST = NO;
				SUPPORTS_MAC_DESIGNED_FOR_IPHONE_IPAD = NO;
				SWIFT_EMIT_LOC_STRINGS = YES;
				SWIFT_VERSION = 5.0;
				TARGETED_DEVICE_FAMILY = 1;
			};
			name = Release;
		};
/* End XCBuildConfiguration section */

/* Begin XCConfigurationList section */
		489CAADF2AA9A6F3001A4408 /* Build configuration list for PBXProject "ShoppingList Project" */ = {
			isa = XCConfigurationList;
			buildConfigurations = (
				489CAAF62AA9A6F6001A4408 /* Debug */,
				489CAAF72AA9A6F6001A4408 /* Release */,
			);
			defaultConfigurationIsVisible = 0;
			defaultConfigurationName = Release;
		};
		489CAAF82AA9A6F6001A4408 /* Build configuration list for PBXNativeTarget "ShoppingList Project" */ = {
			isa = XCConfigurationList;
			buildConfigurations = (
				489CAAF92AA9A6F6001A4408 /* Debug */,
				489CAAFA2AA9A6F6001A4408 /* Release */,
			);
			defaultConfigurationIsVisible = 0;
			defaultConfigurationName = Release;
		};
/* End XCConfigurationList section */

/* Begin XCRemoteSwiftPackageReference section */
		489CAB0B2AA9A990001A4408 /* XCRemoteSwiftPackageReference "Zip" */ = {
			isa = XCRemoteSwiftPackageReference;
			repositoryURL = "https://github.com/marmelroy/Zip.git";
			requirement = {
				kind = upToNextMajorVersion;
				minimumVersion = 2.0.0;
			};
		};
		489CAB0E2AA9A999001A4408 /* XCRemoteSwiftPackageReference "Kingfisher" */ = {
			isa = XCRemoteSwiftPackageReference;
			repositoryURL = "https://github.com/onevcat/Kingfisher";
			requirement = {
				kind = upToNextMajorVersion;
				minimumVersion = 7.0.0;
			};
		};
		489CAB112AA9A9B2001A4408 /* XCRemoteSwiftPackageReference "realm-swift" */ = {
			isa = XCRemoteSwiftPackageReference;
			repositoryURL = "https://github.com/realm/realm-swift.git";
			requirement = {
				branch = master;
				kind = branch;
			};
		};
		489CAB162AA9A9C1001A4408 /* XCRemoteSwiftPackageReference "SnapKit" */ = {
			isa = XCRemoteSwiftPackageReference;
			repositoryURL = "https://github.com/SnapKit/SnapKit";
			requirement = {
				kind = upToNextMajorVersion;
				minimumVersion = 5.0.0;
			};
		};
		489CAB2E2AA9C45B001A4408 /* XCRemoteSwiftPackageReference "Alamofire" */ = {
			isa = XCRemoteSwiftPackageReference;
			repositoryURL = "https://github.com/Alamofire/Alamofire";
			requirement = {
				kind = upToNextMajorVersion;
				minimumVersion = 5.0.0;
			};
		};
/* End XCRemoteSwiftPackageReference section */

/* Begin XCSwiftPackageProductDependency section */
		489CAB0C2AA9A990001A4408 /* Zip */ = {
			isa = XCSwiftPackageProductDependency;
			package = 489CAB0B2AA9A990001A4408 /* XCRemoteSwiftPackageReference "Zip" */;
			productName = Zip;
		};
		489CAB0F2AA9A999001A4408 /* Kingfisher */ = {
			isa = XCSwiftPackageProductDependency;
			package = 489CAB0E2AA9A999001A4408 /* XCRemoteSwiftPackageReference "Kingfisher" */;
			productName = Kingfisher;
		};
		489CAB122AA9A9B2001A4408 /* Realm */ = {
			isa = XCSwiftPackageProductDependency;
			package = 489CAB112AA9A9B2001A4408 /* XCRemoteSwiftPackageReference "realm-swift" */;
			productName = Realm;
		};
		489CAB142AA9A9B2001A4408 /* RealmSwift */ = {
			isa = XCSwiftPackageProductDependency;
			package = 489CAB112AA9A9B2001A4408 /* XCRemoteSwiftPackageReference "realm-swift" */;
			productName = RealmSwift;
		};
		489CAB172AA9A9C1001A4408 /* SnapKit */ = {
			isa = XCSwiftPackageProductDependency;
			package = 489CAB162AA9A9C1001A4408 /* XCRemoteSwiftPackageReference "SnapKit" */;
			productName = SnapKit;
		};
		489CAB2F2AA9C45B001A4408 /* Alamofire */ = {
			isa = XCSwiftPackageProductDependency;
			package = 489CAB2E2AA9C45B001A4408 /* XCRemoteSwiftPackageReference "Alamofire" */;
			productName = Alamofire;
		};
/* End XCSwiftPackageProductDependency section */
	};
	rootObject = 489CAADC2AA9A6F3001A4408 /* Project object */;
}
